
Microsoft Visual Studio Solution File, Format Version 12.00
# Visual Studio Version 16
VisualStudioVersion = 16.0.30907.101
MinimumVisualStudioVersion = 10.0.40219.1
Project("{2150E333-8FDC-42A3-9474-1A3956D46DE8}") = "Service", "Service", "{9851D0CC-3456-42E1-A9F5-B89F61191FB5}"
EndProject
Project("{FAE04EC0-301F-11D3-BF4B-00C04F79EFBC}") = "Service.CoreApi", "Service\Service.CoreApi\Service.CoreApi.csproj", "{18F71DF4-0B64-4FA7-87B3-F79611601BC4}"
EndProject
Project("{2150E333-8FDC-42A3-9474-1A3956D46DE8}") = "Solution Items", "Solution Items", "{12A5BB68-5555-4659-991E-2D599FC7E9CB}"
	ProjectSection(SolutionItems) = preProject
		azure-pipelines.yml = azure-pipelines.yml
	EndProjectSection
EndProject
Project("{2150E333-8FDC-42A3-9474-1A3956D46DE8}") = "Ui", "Ui", "{770DC6C9-240A-4293-810F-728B096EE80A}"
EndProject
Project("{FAE04EC0-301F-11D3-BF4B-00C04F79EFBC}") = "Ui.EventConsole", "Ui\Ui.EventConsole\Ui.EventConsole.csproj", "{A9FD8D34-3958-43A1-8654-44F5E446A6EF}"
EndProject
Global
	GlobalSection(SolutionConfigurationPlatforms) = preSolution
		Debug|Any CPU = Debug|Any CPU
		Release|Any CPU = Release|Any CPU
	EndGlobalSection
	GlobalSection(ProjectConfigurationPlatforms) = postSolution
		{18F71DF4-0B64-4FA7-87B3-F79611601BC4}.Debug|Any CPU.ActiveCfg = Debug|Any CPU
		{18F71DF4-0B64-4FA7-87B3-F79611601BC4}.Debug|Any CPU.Build.0 = Debug|Any CPU
		{18F71DF4-0B64-4FA7-87B3-F79611601BC4}.Release|Any CPU.ActiveCfg = Release|Any CPU
		{18F71DF4-0B64-4FA7-87B3-F79611601BC4}.Release|Any CPU.Build.0 = Release|Any CPU
		{A9FD8D34-3958-43A1-8654-44F5E446A6EF}.Debug|Any CPU.ActiveCfg = Debug|Any CPU
		{A9FD8D34-3958-43A1-8654-44F5E446A6EF}.Debug|Any CPU.Build.0 = Debug|Any CPU
		{A9FD8D34-3958-43A1-8654-44F5E446A6EF}.Release|Any CPU.ActiveCfg = Release|Any CPU
		{A9FD8D34-3958-43A1-8654-44F5E446A6EF}.Release|Any CPU.Build.0 = Release|Any CPU
	EndGlobalSection
	GlobalSection(SolutionProperties) = preSolution
		HideSolutionNode = FALSE
	EndGlobalSection
	GlobalSection(NestedProjects) = preSolution
		{18F71DF4-0B64-4FA7-87B3-F79611601BC4} = {9851D0CC-3456-42E1-A9F5-B89F61191FB5}
		{A9FD8D34-3958-43A1-8654-44F5E446A6EF} = {770DC6C9-240A-4293-810F-728B096EE80A}
	EndGlobalSection
	GlobalSection(ExtensibilityGlobals) = postSolution
		SolutionGuid = {6D10C152-5801-408D-82D9-973CA7472DEB}
	EndGlobalSection
EndGlobal
